{
  "name": "Cognitive Copilot",
  "lockfileVersion": 3,
  "requires": true,
  "packages": {
    "": {
      "dependencies": {
        "opencode-ai": "^0.5.7"
      }
    },
    "node_modules/opencode-ai": {
      "version": "0.5.7",
      "resolved": "https://registry.npmjs.org/opencode-ai/-/opencode-ai-0.5.7.tgz",
      "integrity": "sha512-VKwj8gEDLgblBgY7JmgIMJX8mIFbz85LA3vHMYCURnBei67GXwjT92d5MgFFb4cXpD+fJ3FVNGNkUXirs/sZig==",
      "hasInstallScript": true,
      "bin": {
        "opencode": "bin/opencode"
      },
      "optionalDependencies": {
        "opencode-darwin-arm64": "0.5.7",
        "opencode-darwin-x64": "0.5.7",
        "opencode-darwin-x64-baseline": "0.5.7",
        "opencode-linux-arm64": "0.5.7",
        "opencode-linux-x64": "0.5.7",
        "opencode-linux-x64-baseline": "0.5.7",
        "opencode-windows-x64": "0.5.7"
      }
    },
    "node_modules/opencode-darwin-arm64": {
      "version": "0.5.7",
      "resolved": "https://registry.npmjs.org/opencode-darwin-arm64/-/opencode-darwin-arm64-0.5.7.tgz",
      "integrity": "sha512-VEio81ig/0l4zExGuqh5gt8o9B0lgLRXfMAy4wRYeeEOg+fi1Azwu+nQQMcN8szmjVTq2le/rOiDTJ2iPVGqdg==",
      "cpu": [
        "arm64"
      ],
      "optional": true,
      "os": [
        "darwin"
      ]
    },
    "node_modules/opencode-darwin-x64": {
      "version": "0.5.7",
      "resolved": "https://registry.npmjs.org/opencode-darwin-x64/-/opencode-darwin-x64-0.5.7.tgz",
      "integrity": "sha512-OwaggwF3zCM51WSAtNsbi/5SEU6c22/Sb6rsibtVSGT/k8z7woMW0UQAKRRirnspyya0GiOxqU0VU63IScoW6g==",
      "cpu": [
        "x64"
      ],
      "optional": true,
      "os": [
        "darwin"
      ]
    },
    "node_modules/opencode-darwin-x64-baseline": {
      "version": "0.5.7",
      "resolved": "https://registry.npmjs.org/opencode-darwin-x64-baseline/-/opencode-darwin-x64-baseline-0.5.7.tgz",
      "integrity": "sha512-xxS+NYWEhcN0FyR+oYh67Wko9ctYZsgDyzUkMTGi35hBMW7Gq4m9+ulpnxLhFHloc/b0g750SmKGjmkwdGs6hQ==",
      "cpu": [
        "x64-baseline"
      ],
      "optional": true,
      "os": [
        "darwin"
      ]
    },
    "node_modules/opencode-linux-arm64": {
      "version": "0.5.7",
      "resolved": "https://registry.npmjs.org/opencode-linux-arm64/-/opencode-linux-arm64-0.5.7.tgz",
      "integrity": "sha512-fY7AHffU5ypJDhYIL95isClJemHMWovbYnkp9upv0Ix88giH5B9zVr0NqNI3KinAFTgvtJ61lzrUcGtpoYUFbA==",
      "cpu": [
        "arm64"
      ],
      "optional": true,
      "os": [
        "linux"
      ]
    },
    "node_modules/opencode-linux-x64": {
      "version": "0.5.7",
      "resolved": "https://registry.npmjs.org/opencode-linux-x64/-/opencode-linux-x64-0.5.7.tgz",
      "integrity": "sha512-ve4ZfggoJ+PmHB4y3SnC5SaZTE9hPQWm428DUIx+QH3DWUv2ceo5BaKuEWqWjmOxdOxe0HLXs+jbzmsX+DIt0Q==",
      "cpu": [
        "x64"
      ],
      "optional": true,
      "os": [
        "linux"
      ]
    },
    "node_modules/opencode-linux-x64-baseline": {
      "version": "0.5.7",
      "resolved": "https://registry.npmjs.org/opencode-linux-x64-baseline/-/opencode-linux-x64-baseline-0.5.7.tgz",
      "integrity": "sha512-7hRH5sNIuNv7zyGBrU1DfFyn9VeglBxwT1/LHeI84CaQaasZObs6dNSDrsoxNfU8oJRo3/QpD9dHg8unGUs3Cg==",
      "cpu": [
        "x64-baseline"
      ],
      "optional": true,
      "os": [
        "linux"
      ]
    },
    "node_modules/opencode-windows-x64": {
      "version": "0.5.7",
      "resolved": "https://registry.npmjs.org/opencode-windows-x64/-/opencode-windows-x64-0.5.7.tgz",
      "integrity": "sha512-DIj60vWF0PqQo8Lf0/Pru9V6x5+LqbMsyNXOSSeb5Zd1Cy9FJ/5WGTvppMRdoywk+5fqpSQVGwZhBosxGEjEqg==",
      "cpu": [
        "x64"
      ],
      "optional": true,
      "os": [
        "win32"
      ]
    }
  }
}
